
Microsoft Visual Studio Solution File, Format Version 12.00
# Visual Studio Version 17
VisualStudioVersion = 17.8.34330.188
MinimumVisualStudioVersion = 10.0.40219.1
Project("{FAE04EC0-301F-11D3-BF4B-00C04F79EFBC}") = "CourseworkTPO", "CourseworkTPO\CourseworkTPO.csproj", "{500C0AC3-89C5-41D0-866F-02932192F546}"
EndProject
Global
	GlobalSection(SolutionConfigurationPlatforms) = preSolution
		Debug|Any CPU = Debug|Any CPU
		Release|Any CPU = Release|Any CPU
	EndGlobalSection
	GlobalSection(ProjectConfigurationPlatforms) = postSolution
		{500C0AC3-89C5-41D0-866F-02932192F546}.Debug|Any CPU.ActiveCfg = Debug|Any CPU
		{500C0AC3-89C5-41D0-866F-02932192F546}.Debug|Any CPU.Build.0 = Debug|Any CPU
		{500C0AC3-89C5-41D0-866F-02932192F546}.Release|Any CPU.ActiveCfg = Release|Any CPU
		{500C0AC3-89C5-41D0-866F-02932192F546}.Release|Any CPU.Build.0 = Release|Any CPU
	EndGlobalSection
	GlobalSection(SolutionProperties) = preSolution
		HideSolutionNode = FALSE
	EndGlobalSection
	GlobalSection(ExtensibilityGlobals) = postSolution
		SolutionGuid = {B8315CB3-B88A-42B9-852B-D779315EF4ED}
	EndGlobalSection
EndGlobal
